// !$*UTF8*$!
{
	archiveVersion = 1;
	classes = {
	};
	objectVersion = 50;
	objects = {

/* Begin PBXBuildFile section */
		CD0A9E6225B45D41005FDC75 /* DailyWeatherCell.swift in Sources */ = {isa = PBXBuildFile; fileRef = CD0A9E6125B45D41005FDC75 /* DailyWeatherCell.swift */; };
		CD1513BE25D837DD001B1EB1 /* Utils.swift in Sources */ = {isa = PBXBuildFile; fileRef = CD1513BD25D837DD001B1EB1 /* Utils.swift */; };
		CD3A330C25C8A92C00BF9B34 /* WeatherData.swift in Sources */ = {isa = PBXBuildFile; fileRef = CD3A330B25C8A92C00BF9B34 /* WeatherData.swift */; };
		CD778D5D25DFCB05009642F3 /* HourlyWeatherData.swift in Sources */ = {isa = PBXBuildFile; fileRef = CD778D5C25DFCB05009642F3 /* HourlyWeatherData.swift */; };
		CD778D6025E00029009642F3 /* TodayWeatherConditionData.swift in Sources */ = {isa = PBXBuildFile; fileRef = CD778D5F25E00029009642F3 /* TodayWeatherConditionData.swift */; };
		CD994DDD25AB0DAC0031AC5C /* HourlyWeatherCell.swift in Sources */ = {isa = PBXBuildFile; fileRef = CD994DDC25AB0DAC0031AC5C /* HourlyWeatherCell.swift */; };
		CD9C45DA25A5FA6E00706C49 /* AppDelegate.swift in Sources */ = {isa = PBXBuildFile; fileRef = CD9C45D925A5FA6E00706C49 /* AppDelegate.swift */; };
		CD9C45DC25A5FA6E00706C49 /* SceneDelegate.swift in Sources */ = {isa = PBXBuildFile; fileRef = CD9C45DB25A5FA6E00706C49 /* SceneDelegate.swift */; };
		CD9C45DE25A5FA6E00706C49 /* ViewController.swift in Sources */ = {isa = PBXBuildFile; fileRef = CD9C45DD25A5FA6E00706C49 /* ViewController.swift */; };
		CD9C45E125A5FA6E00706C49 /* Main.storyboard in Resources */ = {isa = PBXBuildFile; fileRef = CD9C45DF25A5FA6E00706C49 /* Main.storyboard */; };
		CD9C45E425A5FA6E00706C49 /* WeatherApp.xcdatamodeld in Sources */ = {isa = PBXBuildFile; fileRef = CD9C45E225A5FA6E00706C49 /* WeatherApp.xcdatamodeld */; };
		CD9C45E625A5FA6F00706C49 /* Assets.xcassets in Resources */ = {isa = PBXBuildFile; fileRef = CD9C45E525A5FA6F00706C49 /* Assets.xcassets */; };
		CD9C45E925A5FA6F00706C49 /* LaunchScreen.storyboard in Resources */ = {isa = PBXBuildFile; fileRef = CD9C45E725A5FA6F00706C49 /* LaunchScreen.storyboard */; };
		CD9C45F525A5FD7A00706C49 /* Montserrat-Light.ttf in Resources */ = {isa = PBXBuildFile; fileRef = CD9C45F425A5FD7A00706C49 /* Montserrat-Light.ttf */; };
		CD9C45F825A5FD8400706C49 /* Montserrat-Medium.ttf in Resources */ = {isa = PBXBuildFile; fileRef = CD9C45F725A5FD8400706C49 /* Montserrat-Medium.ttf */; };
		CD9C45FB25A6003C00706C49 /* MainViewController.swift in Sources */ = {isa = PBXBuildFile; fileRef = CD9C45FA25A6003C00706C49 /* MainViewController.swift */; };
		CDA305C025BC87C200453643 /* MenuViewController.swift in Sources */ = {isa = PBXBuildFile; fileRef = CDA305BF25BC87C200453643 /* MenuViewController.swift */; };
		CDA305C325BC889E00453643 /* CityItemCell.swift in Sources */ = {isa = PBXBuildFile; fileRef = CDA305C225BC889E00453643 /* CityItemCell.swift */; };
		CDA305CA25BC963100453643 /* Router.swift in Sources */ = {isa = PBXBuildFile; fileRef = CDA305C925BC963100453643 /* Router.swift */; };
		CDA6CE6C25A9FFED00098611 /* TodayDetailsViewController.swift in Sources */ = {isa = PBXBuildFile; fileRef = CDA6CE6B25A9FFED00098611 /* TodayDetailsViewController.swift */; };
		CDA6CE6F25AA000600098611 /* WeeklyDetailsViewController.swift in Sources */ = {isa = PBXBuildFile; fileRef = CDA6CE6E25AA000600098611 /* WeeklyDetailsViewController.swift */; };
		CDBAFF9425E55CCF00064AE2 /* WeeklyWeatherData.swift in Sources */ = {isa = PBXBuildFile; fileRef = CDBAFF9325E55CCF00064AE2 /* WeeklyWeatherData.swift */; };
		CDC0E32F25B364E2007C424B /* TodayWeatherConditionViewController.swift in Sources */ = {isa = PBXBuildFile; fileRef = CDC0E32E25B364E2007C424B /* TodayWeatherConditionViewController.swift */; };
		CDC0E33225B36942007C424B /* TodayWeatherConditionCell.swift in Sources */ = {isa = PBXBuildFile; fileRef = CDC0E33125B36942007C424B /* TodayWeatherConditionCell.swift */; };
		CDD65B2B25C1EACD005AF01C /* NetworkService.swift in Sources */ = {isa = PBXBuildFile; fileRef = CDD65B2A25C1EACD005AF01C /* NetworkService.swift */; };
		CDEF62EC25E1985C0023FBA1 /* StringExtensions.swift in Sources */ = {isa = PBXBuildFile; fileRef = CDEF62EB25E1985C0023FBA1 /* StringExtensions.swift */; };
		CDEF62EF25E198C30023FBA1 /* UIColorExtensions.swift in Sources */ = {isa = PBXBuildFile; fileRef = CDEF62EE25E198C30023FBA1 /* UIColorExtensions.swift */; };
/* End PBXBuildFile section */

/* Begin PBXFileReference section */
		CD0A9E6125B45D41005FDC75 /* DailyWeatherCell.swift */ = {isa = PBXFileReference; lastKnownFileType = sourcecode.swift; path = DailyWeatherCell.swift; sourceTree = "<group>"; };
		CD1513BD25D837DD001B1EB1 /* Utils.swift */ = {isa = PBXFileReference; lastKnownFileType = sourcecode.swift; path = Utils.swift; sourceTree = "<group>"; };
		CD3A330B25C8A92C00BF9B34 /* WeatherData.swift */ = {isa = PBXFileReference; lastKnownFileType = sourcecode.swift; path = WeatherData.swift; sourceTree = "<group>"; };
		CD778D5C25DFCB05009642F3 /* HourlyWeatherData.swift */ = {isa = PBXFileReference; lastKnownFileType = sourcecode.swift; path = HourlyWeatherData.swift; sourceTree = "<group>"; };
		CD778D5F25E00029009642F3 /* TodayWeatherConditionData.swift */ = {isa = PBXFileReference; lastKnownFileType = sourcecode.swift; path = TodayWeatherConditionData.swift; sourceTree = "<group>"; };
		CD994DDC25AB0DAC0031AC5C /* HourlyWeatherCell.swift */ = {isa = PBXFileReference; lastKnownFileType = sourcecode.swift; path = HourlyWeatherCell.swift; sourceTree = "<group>"; };
		CD9C45D625A5FA6E00706C49 /* WeatherApp.app */ = {isa = PBXFileReference; explicitFileType = wrapper.application; includeInIndex = 0; path = WeatherApp.app; sourceTree = BUILT_PRODUCTS_DIR; };
		CD9C45D925A5FA6E00706C49 /* AppDelegate.swift */ = {isa = PBXFileReference; lastKnownFileType = sourcecode.swift; path = AppDelegate.swift; sourceTree = "<group>"; };
		CD9C45DB25A5FA6E00706C49 /* SceneDelegate.swift */ = {isa = PBXFileReference; lastKnownFileType = sourcecode.swift; path = SceneDelegate.swift; sourceTree = "<group>"; };
		CD9C45DD25A5FA6E00706C49 /* ViewController.swift */ = {isa = PBXFileReference; lastKnownFileType = sourcecode.swift; path = ViewController.swift; sourceTree = "<group>"; };
		CD9C45E025A5FA6E00706C49 /* Base */ = {isa = PBXFileReference; lastKnownFileType = file.storyboard; name = Base; path = Base.lproj/Main.storyboard; sourceTree = "<group>"; };
		CD9C45E325A5FA6E00706C49 /* WeatherApp.xcdatamodel */ = {isa = PBXFileReference; lastKnownFileType = wrapper.xcdatamodel; path = WeatherApp.xcdatamodel; sourceTree = "<group>"; };
		CD9C45E525A5FA6F00706C49 /* Assets.xcassets */ = {isa = PBXFileReference; lastKnownFileType = folder.assetcatalog; path = Assets.xcassets; sourceTree = "<group>"; };
		CD9C45E825A5FA6F00706C49 /* Base */ = {isa = PBXFileReference; lastKnownFileType = file.storyboard; name = Base; path = Base.lproj/LaunchScreen.storyboard; sourceTree = "<group>"; };
		CD9C45EA25A5FA6F00706C49 /* Info.plist */ = {isa = PBXFileReference; lastKnownFileType = text.plist.xml; path = Info.plist; sourceTree = "<group>"; };
		CD9C45F425A5FD7A00706C49 /* Montserrat-Light.ttf */ = {isa = PBXFileReference; lastKnownFileType = file; path = "Montserrat-Light.ttf"; sourceTree = "<group>"; };
		CD9C45F725A5FD8400706C49 /* Montserrat-Medium.ttf */ = {isa = PBXFileReference; lastKnownFileType = file; path = "Montserrat-Medium.ttf"; sourceTree = "<group>"; };
		CD9C45FA25A6003C00706C49 /* MainViewController.swift */ = {isa = PBXFileReference; lastKnownFileType = sourcecode.swift; path = MainViewController.swift; sourceTree = "<group>"; };
		CDA305BF25BC87C200453643 /* MenuViewController.swift */ = {isa = PBXFileReference; lastKnownFileType = sourcecode.swift; path = MenuViewController.swift; sourceTree = "<group>"; };
		CDA305C225BC889E00453643 /* CityItemCell.swift */ = {isa = PBXFileReference; lastKnownFileType = sourcecode.swift; path = CityItemCell.swift; sourceTree = "<group>"; };
		CDA305C925BC963100453643 /* Router.swift */ = {isa = PBXFileReference; lastKnownFileType = sourcecode.swift; path = Router.swift; sourceTree = "<group>"; };
		CDA6CE6B25A9FFED00098611 /* TodayDetailsViewController.swift */ = {isa = PBXFileReference; lastKnownFileType = sourcecode.swift; path = TodayDetailsViewController.swift; sourceTree = "<group>"; };
		CDA6CE6E25AA000600098611 /* WeeklyDetailsViewController.swift */ = {isa = PBXFileReference; lastKnownFileType = sourcecode.swift; path = WeeklyDetailsViewController.swift; sourceTree = "<group>"; };
		CDBAFF9325E55CCF00064AE2 /* WeeklyWeatherData.swift */ = {isa = PBXFileReference; lastKnownFileType = sourcecode.swift; path = WeeklyWeatherData.swift; sourceTree = "<group>"; };
		CDC0E32E25B364E2007C424B /* TodayWeatherConditionViewController.swift */ = {isa = PBXFileReference; lastKnownFileType = sourcecode.swift; path = TodayWeatherConditionViewController.swift; sourceTree = "<group>"; };
		CDC0E33125B36942007C424B /* TodayWeatherConditionCell.swift */ = {isa = PBXFileReference; lastKnownFileType = sourcecode.swift; path = TodayWeatherConditionCell.swift; sourceTree = "<group>"; };
		CDD65B2A25C1EACD005AF01C /* NetworkService.swift */ = {isa = PBXFileReference; lastKnownFileType = sourcecode.swift; path = NetworkService.swift; sourceTree = "<group>"; };
		CDEF62EB25E1985C0023FBA1 /* StringExtensions.swift */ = {isa = PBXFileReference; lastKnownFileType = sourcecode.swift; path = StringExtensions.swift; sourceTree = "<group>"; };
		CDEF62EE25E198C30023FBA1 /* UIColorExtensions.swift */ = {isa = PBXFileReference; lastKnownFileType = sourcecode.swift; path = UIColorExtensions.swift; sourceTree = "<group>"; };
/* End PBXFileReference section */

/* Begin PBXFrameworksBuildPhase section */
		CD9C45D325A5FA6E00706C49 /* Frameworks */ = {
			isa = PBXFrameworksBuildPhase;
			buildActionMask = 2147483647;
			files = (
			);
			runOnlyForDeploymentPostprocessing = 0;
		};
/* End PBXFrameworksBuildPhase section */

/* Begin PBXGroup section */
		CD1513BC25D837B5001B1EB1 /* Utils */ = {
			isa = PBXGroup;
			children = (
				CD1513BD25D837DD001B1EB1 /* Utils.swift */,
			);
			path = Utils;
			sourceTree = "<group>";
		};
		CD77938E25C5EBB900D936C0 /* Model */ = {
			isa = PBXGroup;
			children = (
				CDEF62EA25E198430023FBA1 /* Extensions */,
				CD3A330B25C8A92C00BF9B34 /* WeatherData.swift */,
				CDBAFF9325E55CCF00064AE2 /* WeeklyWeatherData.swift */,
				CD778D5C25DFCB05009642F3 /* HourlyWeatherData.swift */,
				CD778D5F25E00029009642F3 /* TodayWeatherConditionData.swift */,
			);
			path = Model;
			sourceTree = "<group>";
		};
		CD9C45CD25A5FA6D00706C49 = {
			isa = PBXGroup;
			children = (
				CD9C45D825A5FA6E00706C49 /* WeatherApp */,
				CD9C45D725A5FA6E00706C49 /* Products */,
			);
			sourceTree = "<group>";
		};
		CD9C45D725A5FA6E00706C49 /* Products */ = {
			isa = PBXGroup;
			children = (
				CD9C45D625A5FA6E00706C49 /* WeatherApp.app */,
			);
			name = Products;
			sourceTree = "<group>";
		};
		CD9C45D825A5FA6E00706C49 /* WeatherApp */ = {
			isa = PBXGroup;
			children = (
				CDA305C525BC94C900453643 /* Controller */,
				CD9C45F225A5FD5F00706C49 /* Fonts */,
				CD77938E25C5EBB900D936C0 /* Model */,
				CDA305C825BC95EC00453643 /* Network */,
				CDA305C625BC950700453643 /* View */,
				CD1513BC25D837B5001B1EB1 /* Utils */,
				CD9C45D925A5FA6E00706C49 /* AppDelegate.swift */,
				CD9C45DB25A5FA6E00706C49 /* SceneDelegate.swift */,
				CD9C45DF25A5FA6E00706C49 /* Main.storyboard */,
				CD9C45E525A5FA6F00706C49 /* Assets.xcassets */,
				CD9C45E725A5FA6F00706C49 /* LaunchScreen.storyboard */,
				CD9C45EA25A5FA6F00706C49 /* Info.plist */,
				CD9C45E225A5FA6E00706C49 /* WeatherApp.xcdatamodeld */,
			);
			path = WeatherApp;
			sourceTree = "<group>";
		};
		CD9C45F225A5FD5F00706C49 /* Fonts */ = {
			isa = PBXGroup;
			children = (
				CD9C45F425A5FD7A00706C49 /* Montserrat-Light.ttf */,
				CD9C45F725A5FD8400706C49 /* Montserrat-Medium.ttf */,
			);
			path = Fonts;
			sourceTree = "<group>";
		};
		CDA305C525BC94C900453643 /* Controller */ = {
			isa = PBXGroup;
			children = (
				CD9C45DD25A5FA6E00706C49 /* ViewController.swift */,
				CD9C45FA25A6003C00706C49 /* MainViewController.swift */,
				CDA305BF25BC87C200453643 /* MenuViewController.swift */,
				CDA6CE6B25A9FFED00098611 /* TodayDetailsViewController.swift */,
				CDA6CE6E25AA000600098611 /* WeeklyDetailsViewController.swift */,
				CDC0E32E25B364E2007C424B /* TodayWeatherConditionViewController.swift */,
			);
			path = Controller;
			sourceTree = "<group>";
		};
		CDA305C625BC950700453643 /* View */ = {
			isa = PBXGroup;
			children = (
				CDA305C225BC889E00453643 /* CityItemCell.swift */,
				CD994DDC25AB0DAC0031AC5C /* HourlyWeatherCell.swift */,
				CD0A9E6125B45D41005FDC75 /* DailyWeatherCell.swift */,
				CDC0E33125B36942007C424B /* TodayWeatherConditionCell.swift */,
			);
			path = View;
			sourceTree = "<group>";
		};
		CDA305C825BC95EC00453643 /* Network */ = {
			isa = PBXGroup;
			children = (
				CDA305C925BC963100453643 /* Router.swift */,
				CDD65B2A25C1EACD005AF01C /* NetworkService.swift */,
			);
			path = Network;
			sourceTree = "<group>";
		};
		CDEF62EA25E198430023FBA1 /* Extensions */ = {
			isa = PBXGroup;
			children = (
				CDEF62EB25E1985C0023FBA1 /* StringExtensions.swift */,
				CDEF62EE25E198C30023FBA1 /* UIColorExtensions.swift */,
			);
			path = Extensions;
			sourceTree = "<group>";
		};
/* End PBXGroup section */

/* Begin PBXNativeTarget section */
		CD9C45D525A5FA6E00706C49 /* WeatherApp */ = {
			isa = PBXNativeTarget;
			buildConfigurationList = CD9C45ED25A5FA6F00706C49 /* Build configuration list for PBXNativeTarget "WeatherApp" */;
			buildPhases = (
				CD9C45D225A5FA6E00706C49 /* Sources */,
				CD9C45D325A5FA6E00706C49 /* Frameworks */,
				CD9C45D425A5FA6E00706C49 /* Resources */,
			);
			buildRules = (
			);
			dependencies = (
			);
			name = WeatherApp;
			productName = WeatherApp;
			productReference = CD9C45D625A5FA6E00706C49 /* WeatherApp.app */;
			productType = "com.apple.product-type.application";
		};
/* End PBXNativeTarget section */

/* Begin PBXProject section */
		CD9C45CE25A5FA6D00706C49 /* Project object */ = {
			isa = PBXProject;
			attributes = {
				LastSwiftUpdateCheck = 1230;
				LastUpgradeCheck = 1230;
				TargetAttributes = {
					CD9C45D525A5FA6E00706C49 = {
						CreatedOnToolsVersion = 12.3;
					};
				};
			};
			buildConfigurationList = CD9C45D125A5FA6D00706C49 /* Build configuration list for PBXProject "WeatherApp" */;
			compatibilityVersion = "Xcode 9.3";
			developmentRegion = en;
			hasScannedForEncodings = 0;
			knownRegions = (
				en,
				Base,
			);
			mainGroup = CD9C45CD25A5FA6D00706C49;
			productRefGroup = CD9C45D725A5FA6E00706C49 /* Products */;
			projectDirPath = "";
			projectRoot = "";
			targets = (
				CD9C45D525A5FA6E00706C49 /* WeatherApp */,
			);
		};
/* End PBXProject section */

/* Begin PBXResourcesBuildPhase section */
		CD9C45D425A5FA6E00706C49 /* Resources */ = {
			isa = PBXResourcesBuildPhase;
			buildActionMask = 2147483647;
			files = (
				CD9C45F525A5FD7A00706C49 /* Montserrat-Light.ttf in Resources */,
				CD9C45F825A5FD8400706C49 /* Montserrat-Medium.ttf in Resources */,
				CD9C45E925A5FA6F00706C49 /* LaunchScreen.storyboard in Resources */,
				CD9C45E625A5FA6F00706C49 /* Assets.xcassets in Resources */,
				CD9C45E125A5FA6E00706C49 /* Main.storyboard in Resources */,
			);
			runOnlyForDeploymentPostprocessing = 0;
		};
/* End PBXResourcesBuildPhase section */

/* Begin PBXSourcesBuildPhase section */
		CD9C45D225A5FA6E00706C49 /* Sources */ = {
			isa = PBXSourcesBuildPhase;
			buildActionMask = 2147483647;
			files = (
				CD9C45E425A5FA6E00706C49 /* WeatherApp.xcdatamodeld in Sources */,
				CD994DDD25AB0DAC0031AC5C /* HourlyWeatherCell.swift in Sources */,
				CDC0E32F25B364E2007C424B /* TodayWeatherConditionViewController.swift in Sources */,
				CD778D6025E00029009642F3 /* TodayWeatherConditionData.swift in Sources */,
				CD9C45DE25A5FA6E00706C49 /* ViewController.swift in Sources */,
				CD9C45DA25A5FA6E00706C49 /* AppDelegate.swift in Sources */,
				CD9C45DC25A5FA6E00706C49 /* SceneDelegate.swift in Sources */,
				CD3A330C25C8A92C00BF9B34 /* WeatherData.swift in Sources */,
				CDA305C325BC889E00453643 /* CityItemCell.swift in Sources */,
				CD9C45FB25A6003C00706C49 /* MainViewController.swift in Sources */,
				CD1513BE25D837DD001B1EB1 /* Utils.swift in Sources */,
				CDA305C025BC87C200453643 /* MenuViewController.swift in Sources */,
				CDEF62EC25E1985C0023FBA1 /* StringExtensions.swift in Sources */,
				CDA6CE6F25AA000600098611 /* WeeklyDetailsViewController.swift in Sources */,
				CDD65B2B25C1EACD005AF01C /* NetworkService.swift in Sources */,
				CDBAFF9425E55CCF00064AE2 /* WeeklyWeatherData.swift in Sources */,
				CDEF62EF25E198C30023FBA1 /* UIColorExtensions.swift in Sources */,
				CDA305CA25BC963100453643 /* Router.swift in Sources */,
				CDC0E33225B36942007C424B /* TodayWeatherConditionCell.swift in Sources */,
				CD0A9E6225B45D41005FDC75 /* DailyWeatherCell.swift in Sources */,
				CDA6CE6C25A9FFED00098611 /* TodayDetailsViewController.swift in Sources */,
				CD778D5D25DFCB05009642F3 /* HourlyWeatherData.swift in Sources */,
			);
			runOnlyForDeploymentPostprocessing = 0;
		};
/* End PBXSourcesBuildPhase section */

/* Begin PBXVariantGroup section */
		CD9C45DF25A5FA6E00706C49 /* Main.storyboard */ = {
			isa = PBXVariantGroup;
			children = (
				CD9C45E025A5FA6E00706C49 /* Base */,
			);
			name = Main.storyboard;
			sourceTree = "<group>";
		};
		CD9C45E725A5FA6F00706C49 /* LaunchScreen.storyboard */ = {
			isa = PBXVariantGroup;
			children = (
				CD9C45E825A5FA6F00706C49 /* Base */,
			);
			name = LaunchScreen.storyboard;
			sourceTree = "<group>";
		};
/* End PBXVariantGroup section */

/* Begin XCBuildConfiguration section */
		CD9C45EB25A5FA6F00706C49 /* Debug */ = {
			isa = XCBuildConfiguration;
			buildSettings = {
				ALWAYS_SEARCH_USER_PATHS = NO;
				CLANG_ANALYZER_NONNULL = YES;
				CLANG_ANALYZER_NUMBER_OBJECT_CONVERSION = YES_AGGRESSIVE;
				CLANG_CXX_LANGUAGE_STANDARD = "gnu++14";
				CLANG_CXX_LIBRARY = "libc++";
				CLANG_ENABLE_MODULES = YES;
				CLANG_ENABLE_OBJC_ARC = YES;
				CLANG_ENABLE_OBJC_WEAK = YES;
				CLANG_WARN_BLOCK_CAPTURE_AUTORELEASING = YES;
				CLANG_WARN_BOOL_CONVERSION = YES;
				CLANG_WARN_COMMA = YES;
				CLANG_WARN_CONSTANT_CONVERSION = YES;
				CLANG_WARN_DEPRECATED_OBJC_IMPLEMENTATIONS = YES;
				CLANG_WARN_DIRECT_OBJC_ISA_USAGE = YES_ERROR;
				CLANG_WARN_DOCUMENTATION_COMMENTS = YES;
				CLANG_WARN_EMPTY_BODY = YES;
				CLANG_WARN_ENUM_CONVERSION = YES;
				CLANG_WARN_INFINITE_RECURSION = YES;
				CLANG_WARN_INT_CONVERSION = YES;
				CLANG_WARN_NON_LITERAL_NULL_CONVERSION = YES;
				CLANG_WARN_OBJC_IMPLICIT_RETAIN_SELF = YES;
				CLANG_WARN_OBJC_LITERAL_CONVERSION = YES;
				CLANG_WARN_OBJC_ROOT_CLASS = YES_ERROR;
				CLANG_WARN_QUOTED_INCLUDE_IN_FRAMEWORK_HEADER = YES;
				CLANG_WARN_RANGE_LOOP_ANALYSIS = YES;
				CLANG_WARN_STRICT_PROTOTYPES = YES;
				CLANG_WARN_SUSPICIOUS_MOVE = YES;
				CLANG_WARN_UNGUARDED_AVAILABILITY = YES_AGGRESSIVE;
				CLANG_WARN_UNREACHABLE_CODE = YES;
				CLANG_WARN__DUPLICATE_METHOD_MATCH = YES;
				COPY_PHASE_STRIP = NO;
				DEBUG_INFORMATION_FORMAT = dwarf;
				ENABLE_STRICT_OBJC_MSGSEND = YES;
				ENABLE_TESTABILITY = YES;
				GCC_C_LANGUAGE_STANDARD = gnu11;
				GCC_DYNAMIC_NO_PIC = NO;
				GCC_NO_COMMON_BLOCKS = YES;
				GCC_OPTIMIZATION_LEVEL = 0;
				GCC_PREPROCESSOR_DEFINITIONS = (
					"DEBUG=1",
					"$(inherited)",
				);
				GCC_WARN_64_TO_32_BIT_CONVERSION = YES;
				GCC_WARN_ABOUT_RETURN_TYPE = YES_ERROR;
				GCC_WARN_UNDECLARED_SELECTOR = YES;
				GCC_WARN_UNINITIALIZED_AUTOS = YES_AGGRESSIVE;
				GCC_WARN_UNUSED_FUNCTION = YES;
				GCC_WARN_UNUSED_VARIABLE = YES;
				IPHONEOS_DEPLOYMENT_TARGET = 14.3;
				MTL_ENABLE_DEBUG_INFO = INCLUDE_SOURCE;
				MTL_FAST_MATH = YES;
				ONLY_ACTIVE_ARCH = YES;
				SDKROOT = iphoneos;
				SWIFT_ACTIVE_COMPILATION_CONDITIONS = DEBUG;
				SWIFT_OPTIMIZATION_LEVEL = "-Onone";
			};
			name = Debug;
		};
		CD9C45EC25A5FA6F00706C49 /* Release */ = {
			isa = XCBuildConfiguration;
			buildSettings = {
				ALWAYS_SEARCH_USER_PATHS = NO;
				CLANG_ANALYZER_NONNULL = YES;
				CLANG_ANALYZER_NUMBER_OBJECT_CONVERSION = YES_AGGRESSIVE;
				CLANG_CXX_LANGUAGE_STANDARD = "gnu++14";
				CLANG_CXX_LIBRARY = "libc++";
				CLANG_ENABLE_MODULES = YES;
				CLANG_ENABLE_OBJC_ARC = YES;
				CLANG_ENABLE_OBJC_WEAK = YES;
				CLANG_WARN_BLOCK_CAPTURE_AUTORELEASING = YES;
				CLANG_WARN_BOOL_CONVERSION = YES;
				CLANG_WARN_COMMA = YES;
				CLANG_WARN_CONSTANT_CONVERSION = YES;
				CLANG_WARN_DEPRECATED_OBJC_IMPLEMENTATIONS = YES;
				CLANG_WARN_DIRECT_OBJC_ISA_USAGE = YES_ERROR;
				CLANG_WARN_DOCUMENTATION_COMMENTS = YES;
				CLANG_WARN_EMPTY_BODY = YES;
				CLANG_WARN_ENUM_CONVERSION = YES;
				CLANG_WARN_INFINITE_RECURSION = YES;
				CLANG_WARN_INT_CONVERSION = YES;
				CLANG_WARN_NON_LITERAL_NULL_CONVERSION = YES;
				CLANG_WARN_OBJC_IMPLICIT_RETAIN_SELF = YES;
				CLANG_WARN_OBJC_LITERAL_CONVERSION = YES;
				CLANG_WARN_OBJC_ROOT_CLASS = YES_ERROR;
				CLANG_WARN_QUOTED_INCLUDE_IN_FRAMEWORK_HEADER = YES;
				CLANG_WARN_RANGE_LOOP_ANALYSIS = YES;
				CLANG_WARN_STRICT_PROTOTYPES = YES;
				CLANG_WARN_SUSPICIOUS_MOVE = YES;
				CLANG_WARN_UNGUARDED_AVAILABILITY = YES_AGGRESSIVE;
				CLANG_WARN_UNREACHABLE_CODE = YES;
				CLANG_WARN__DUPLICATE_METHOD_MATCH = YES;
				COPY_PHASE_STRIP = NO;
				DEBUG_INFORMATION_FORMAT = "dwarf-with-dsym";
				ENABLE_NS_ASSERTIONS = NO;
				ENABLE_STRICT_OBJC_MSGSEND = YES;
				GCC_C_LANGUAGE_STANDARD = gnu11;
				GCC_NO_COMMON_BLOCKS = YES;
				GCC_WARN_64_TO_32_BIT_CONVERSION = YES;
				GCC_WARN_ABOUT_RETURN_TYPE = YES_ERROR;
				GCC_WARN_UNDECLARED_SELECTOR = YES;
				GCC_WARN_UNINITIALIZED_AUTOS = YES_AGGRESSIVE;
				GCC_WARN_UNUSED_FUNCTION = YES;
				GCC_WARN_UNUSED_VARIABLE = YES;
				IPHONEOS_DEPLOYMENT_TARGET = 14.3;
				MTL_ENABLE_DEBUG_INFO = NO;
				MTL_FAST_MATH = YES;
				SDKROOT = iphoneos;
				SWIFT_COMPILATION_MODE = wholemodule;
				SWIFT_OPTIMIZATION_LEVEL = "-O";
				VALIDATE_PRODUCT = YES;
			};
			name = Release;
		};
		CD9C45EE25A5FA6F00706C49 /* Debug */ = {
			isa = XCBuildConfiguration;
			buildSettings = {
				ASSETCATALOG_COMPILER_APPICON_NAME = AppIcon;
				ASSETCATALOG_COMPILER_GLOBAL_ACCENT_COLOR_NAME = AccentColor;
				CODE_SIGN_STYLE = Automatic;
				INFOPLIST_FILE = WeatherApp/Info.plist;
				LD_RUNPATH_SEARCH_PATHS = (
					"$(inherited)",
					"@executable_path/Frameworks",
				);
				PRODUCT_BUNDLE_IDENTIFIER = pl.wiktorszlegier.WeatherApp;
				PRODUCT_NAME = "$(TARGET_NAME)";
				SWIFT_VERSION = 5.0;
				TARGETED_DEVICE_FAMILY = 1;
			};
			name = Debug;
		};
		CD9C45EF25A5FA6F00706C49 /* Release */ = {
			isa = XCBuildConfiguration;
			buildSettings = {
				ASSETCATALOG_COMPILER_APPICON_NAME = AppIcon;
				ASSETCATALOG_COMPILER_GLOBAL_ACCENT_COLOR_NAME = AccentColor;
				CODE_SIGN_STYLE = Automatic;
				INFOPLIST_FILE = WeatherApp/Info.plist;
				LD_RUNPATH_SEARCH_PATHS = (
					"$(inherited)",
					"@executable_path/Frameworks",
				);
				PRODUCT_BUNDLE_IDENTIFIER = pl.wiktorszlegier.WeatherApp;
				PRODUCT_NAME = "$(TARGET_NAME)";
				SWIFT_VERSION = 5.0;
				TARGETED_DEVICE_FAMILY = 1;
			};
			name = Release;
		};
/* End XCBuildConfiguration section */

/* Begin XCConfigurationList section */
		CD9C45D125A5FA6D00706C49 /* Build configuration list for PBXProject "WeatherApp" */ = {
			isa = XCConfigurationList;
			buildConfigurations = (
				CD9C45EB25A5FA6F00706C49 /* Debug */,
				CD9C45EC25A5FA6F00706C49 /* Release */,
			);
			defaultConfigurationIsVisible = 0;
			defaultConfigurationName = Release;
		};
		CD9C45ED25A5FA6F00706C49 /* Build configuration list for PBXNativeTarget "WeatherApp" */ = {
			isa = XCConfigurationList;
			buildConfigurations = (
				CD9C45EE25A5FA6F00706C49 /* Debug */,
				CD9C45EF25A5FA6F00706C49 /* Release */,
			);
			defaultConfigurationIsVisible = 0;
			defaultConfigurationName = Release;
		};
/* End XCConfigurationList section */

/* Begin XCVersionGroup section */
		CD9C45E225A5FA6E00706C49 /* WeatherApp.xcdatamodeld */ = {
			isa = XCVersionGroup;
			children = (
				CD9C45E325A5FA6E00706C49 /* WeatherApp.xcdatamodel */,
			);
			currentVersion = CD9C45E325A5FA6E00706C49 /* WeatherApp.xcdatamodel */;
			path = WeatherApp.xcdatamodeld;
			sourceTree = "<group>";
			versionGroupType = wrapper.xcdatamodel;
		};
/* End XCVersionGroup section */
	};
	rootObject = CD9C45CE25A5FA6D00706C49 /* Project object */;
}
